
Microsoft Visual Studio Solution File, Format Version 12.00
# Visual Studio Version 16
VisualStudioVersion = 16.0.29519.87
MinimumVisualStudioVersion = 10.0.40219.1
Project("{FAE04EC0-301F-11D3-BF4B-00C04F79EFBC}") = "CoreBot1", "CoreBot1\CoreBot1.csproj", "{13690985-EBA6-4386-A07E-3B0FF24F4B54}"
EndProject
Global
	GlobalSection(SolutionConfigurationPlatforms) = preSolution
		Debug|Any CPU = Debug|Any CPU
		Release|Any CPU = Release|Any CPU
	EndGlobalSection
	GlobalSection(ProjectConfigurationPlatforms) = postSolution
		{13690985-EBA6-4386-A07E-3B0FF24F4B54}.Debug|Any CPU.ActiveCfg = Debug|Any CPU
		{13690985-EBA6-4386-A07E-3B0FF24F4B54}.Debug|Any CPU.Build.0 = Debug|Any CPU
		{13690985-EBA6-4386-A07E-3B0FF24F4B54}.Release|Any CPU.ActiveCfg = Release|Any CPU
		{13690985-EBA6-4386-A07E-3B0FF24F4B54}.Release|Any CPU.Build.0 = Release|Any CPU
	EndGlobalSection
	GlobalSection(SolutionProperties) = preSolution
		HideSolutionNode = FALSE
	EndGlobalSection
	GlobalSection(ExtensibilityGlobals) = postSolution
		SolutionGuid = {A737C4DC-1768-454C-9ACF-A8EF281F0F70}
	EndGlobalSection
EndGlobal
